[[package]]
name = "asciinema"
version = "2.2.0"
description = "Terminal session recorder"
category = "main"
optional = false
python-versions = "*"

[[package]]
name = "pyinotify"
version = "0.9.6"
description = "Linux filesystem events monitoring"
category = "main"
optional = false
python-versions = "*"

[package.dependencies]
pyinotify = "*"

[metadata]
lock-version = "1.1"
python-versions = "^3.10"
content-hash = "6ee031d3a22885e8b7c1101173eb2dcc4211f4ea030b4033e4f254bb97a8ac5d"

[metadata.files]
asciinema = [
    {file = "asciinema-2.2.0-py3-none-any.whl", hash = "sha256:6d601b48d76976869b5d1ffab98dff40cf3b2facea2b64a6f69db80df4fb0f69"},
    {file = "asciinema-2.2.0.tar.gz", hash = "sha256:5ec5c4e5d3174bb7c559e45db4680eb8fa6c40c058fa5e5005ee96a1d99737b4"},
]
pyinotify = [
    {file = "pyinotify-0.9.6.tar.gz", hash = "sha256:9c998a5d7606ca835065cdabc013ae6c66eb9ea76a00a1e3bc6e0cfe2b4f71f4"},
]